
Microsoft Visual Studio Solution File, Format Version 12.00
# Visual Studio 15
Project("{FAE04EC0-301F-11D3-BF4B-00C04F79EFBC}") = "SILY - Visual Novel", "Assembly-CSharp.csproj", "{CD8CB9B5-5DDF-4E22-135D-172B7E76C307}"
EndProject
Project("{FAE04EC0-301F-11D3-BF4B-00C04F79EFBC}") = "SILY - Visual Novel", "Assembly-CSharp-Editor.csproj", "{1F1C7F46-4FBE-7594-D115-9F4379F811BD}"
EndProject
Global
	GlobalSection(SolutionConfigurationPlatforms) = preSolution
		Debug|Any CPU = Debug|Any CPU
		Release|Any CPU = Release|Any CPU
	EndGlobalSection
	GlobalSection(ProjectConfigurationPlatforms) = postSolution
		{CD8CB9B5-5DDF-4E22-135D-172B7E76C307}.Debug|Any CPU.ActiveCfg = Debug|Any CPU
		{CD8CB9B5-5DDF-4E22-135D-172B7E76C307}.Debug|Any CPU.Build.0 = Debug|Any CPU
		{CD8CB9B5-5DDF-4E22-135D-172B7E76C307}.Release|Any CPU.ActiveCfg = Release|Any CPU
		{CD8CB9B5-5DDF-4E22-135D-172B7E76C307}.Release|Any CPU.Build.0 = Release|Any CPU
		{1F1C7F46-4FBE-7594-D115-9F4379F811BD}.Debug|Any CPU.ActiveCfg = Debug|Any CPU
		{1F1C7F46-4FBE-7594-D115-9F4379F811BD}.Debug|Any CPU.Build.0 = Debug|Any CPU
		{1F1C7F46-4FBE-7594-D115-9F4379F811BD}.Release|Any CPU.ActiveCfg = Release|Any CPU
		{1F1C7F46-4FBE-7594-D115-9F4379F811BD}.Release|Any CPU.Build.0 = Release|Any CPU
	EndGlobalSection
	GlobalSection(SolutionProperties) = preSolution
		HideSolutionNode = FALSE
	EndGlobalSection
EndGlobal
